
Microsoft Visual Studio Solution File, Format Version 12.00
# Visual Studio Version 17
VisualStudioVersion = 17.3.32929.385
MinimumVisualStudioVersion = 10.0.40219.1
Project("{FAE04EC0-301F-11D3-BF4B-00C04F79EFBC}") = "ispqn.Estore.WinApp", "ispqn.Estore.WinApp\ispqn.Estore.WinApp.csproj", "{764E56E9-1446-4940-A89F-5274A18BB700}"
EndProject
Project("{FAE04EC0-301F-11D3-BF4B-00C04F79EFBC}") = "ispan.Estore.SqlData", "ispan.Estore.SqlData\ispan.Estore.SqlData.csproj", "{4B7CCB50-DE18-44C8-90A7-A7161B5B2ACB}"
EndProject
Project("{FAE04EC0-301F-11D3-BF4B-00C04F79EFBC}") = "Ispan.Estore.BLL", "Ispan.Estore.BLL\Ispan.Estore.BLL.csproj", "{0215556B-CB58-4F26-BAFA-1F0A7C3E9D04}"
EndProject
Global
	GlobalSection(SolutionConfigurationPlatforms) = preSolution
		Debug|Any CPU = Debug|Any CPU
		Release|Any CPU = Release|Any CPU
	EndGlobalSection
	GlobalSection(ProjectConfigurationPlatforms) = postSolution
		{764E56E9-1446-4940-A89F-5274A18BB700}.Debug|Any CPU.ActiveCfg = Debug|Any CPU
		{764E56E9-1446-4940-A89F-5274A18BB700}.Debug|Any CPU.Build.0 = Debug|Any CPU
		{764E56E9-1446-4940-A89F-5274A18BB700}.Release|Any CPU.ActiveCfg = Release|Any CPU
		{764E56E9-1446-4940-A89F-5274A18BB700}.Release|Any CPU.Build.0 = Release|Any CPU
		{4B7CCB50-DE18-44C8-90A7-A7161B5B2ACB}.Debug|Any CPU.ActiveCfg = Debug|Any CPU
		{4B7CCB50-DE18-44C8-90A7-A7161B5B2ACB}.Debug|Any CPU.Build.0 = Debug|Any CPU
		{4B7CCB50-DE18-44C8-90A7-A7161B5B2ACB}.Release|Any CPU.ActiveCfg = Release|Any CPU
		{4B7CCB50-DE18-44C8-90A7-A7161B5B2ACB}.Release|Any CPU.Build.0 = Release|Any CPU
		{0215556B-CB58-4F26-BAFA-1F0A7C3E9D04}.Debug|Any CPU.ActiveCfg = Debug|Any CPU
		{0215556B-CB58-4F26-BAFA-1F0A7C3E9D04}.Debug|Any CPU.Build.0 = Debug|Any CPU
		{0215556B-CB58-4F26-BAFA-1F0A7C3E9D04}.Release|Any CPU.ActiveCfg = Release|Any CPU
		{0215556B-CB58-4F26-BAFA-1F0A7C3E9D04}.Release|Any CPU.Build.0 = Release|Any CPU
	EndGlobalSection
	GlobalSection(SolutionProperties) = preSolution
		HideSolutionNode = FALSE
	EndGlobalSection
	GlobalSection(ExtensibilityGlobals) = postSolution
		SolutionGuid = {8542AB5A-696F-425D-8326-5DD88D4313FF}
	EndGlobalSection
EndGlobal
